
Microsoft Visual Studio Solution File, Format Version 12.00
# Visual Studio 14
VisualStudioVersion = 14.0.24720.0
MinimumVisualStudioVersion = 10.0.40219.1
Project("{FAE04EC0-301F-11D3-BF4B-00C04F79EFBC}") = "DirectoryWatcher", "DirectoryWatcher\DirectoryWatcher.csproj", "{D096CBC0-4B21-4542-A8FF-2E6FE0348280}"
EndProject
Global
	GlobalSection(SolutionConfigurationPlatforms) = preSolution
		Debug|Any CPU = Debug|Any CPU
		Release|Any CPU = Release|Any CPU
	EndGlobalSection
	GlobalSection(ProjectConfigurationPlatforms) = postSolution
		{D096CBC0-4B21-4542-A8FF-2E6FE0348280}.Debug|Any CPU.ActiveCfg = Debug|Any CPU
		{D096CBC0-4B21-4542-A8FF-2E6FE0348280}.Debug|Any CPU.Build.0 = Debug|Any CPU
		{D096CBC0-4B21-4542-A8FF-2E6FE0348280}.Release|Any CPU.ActiveCfg = Release|Any CPU
		{D096CBC0-4B21-4542-A8FF-2E6FE0348280}.Release|Any CPU.Build.0 = Release|Any CPU
	EndGlobalSection
	GlobalSection(SolutionProperties) = preSolution
		HideSolutionNode = FALSE
	EndGlobalSection
EndGlobal
